// !$*UTF8*$!
{
	archiveVersion = 1;
	classes = {
	};
	objectVersion = 50;
	objects = {

/* Begin PBXBuildFile section */
		20F3200D250638EC00D1FE68 /* AppDelegate.swift in Sources */ = {isa = PBXBuildFile; fileRef = 20F3200C250638EC00D1FE68 /* AppDelegate.swift */; };
		20F3200F250638EC00D1FE68 /* SceneDelegate.swift in Sources */ = {isa = PBXBuildFile; fileRef = 20F3200E250638EC00D1FE68 /* SceneDelegate.swift */; };
		20F32011250638EC00D1FE68 /* ViewController.swift in Sources */ = {isa = PBXBuildFile; fileRef = 20F32010250638EC00D1FE68 /* ViewController.swift */; };
		20F32014250638EC00D1FE68 /* Main.storyboard in Resources */ = {isa = PBXBuildFile; fileRef = 20F32012250638EC00D1FE68 /* Main.storyboard */; };
		20F32016250638F400D1FE68 /* Assets.xcassets in Resources */ = {isa = PBXBuildFile; fileRef = 20F32015250638F400D1FE68 /* Assets.xcassets */; };
		20F32019250638F400D1FE68 /* LaunchScreen.storyboard in Resources */ = {isa = PBXBuildFile; fileRef = 20F32017250638F400D1FE68 /* LaunchScreen.storyboard */; };
		20F32021250639C500D1FE68 /* RoundButton.swift in Sources */ = {isa = PBXBuildFile; fileRef = 20F32020250639C500D1FE68 /* RoundButton.swift */; };
/* End PBXBuildFile section */

/* Begin PBXFileReference section */
		20F32009250638EC00D1FE68 /* CalculatorSwift.app */ = {isa = PBXFileReference; explicitFileType = wrapper.application; includeInIndex = 0; path = CalculatorSwift.app; sourceTree = BUILT_PRODUCTS_DIR; };
		20F3200C250638EC00D1FE68 /* AppDelegate.swift */ = {isa = PBXFileReference; lastKnownFileType = sourcecode.swift; path = AppDelegate.swift; sourceTree = "<group>"; };
		20F3200E250638EC00D1FE68 /* SceneDelegate.swift */ = {isa = PBXFileReference; lastKnownFileType = sourcecode.swift; path = SceneDelegate.swift; sourceTree = "<group>"; };
		20F32010250638EC00D1FE68 /* ViewController.swift */ = {isa = PBXFileReference; lastKnownFileType = sourcecode.swift; path = ViewController.swift; sourceTree = "<group>"; };
		20F32013250638EC00D1FE68 /* Base */ = {isa = PBXFileReference; lastKnownFileType = file.storyboard; name = Base; path = Base.lproj/Main.storyboard; sourceTree = "<group>"; };
		20F32015250638F400D1FE68 /* Assets.xcassets */ = {isa = PBXFileReference; lastKnownFileType = folder.assetcatalog; path = Assets.xcassets; sourceTree = "<group>"; };
		20F32018250638F400D1FE68 /* Base */ = {isa = PBXFileReference; lastKnownFileType = file.storyboard; name = Base; path = Base.lproj/LaunchScreen.storyboard; sourceTree = "<group>"; };
		20F3201A250638F400D1FE68 /* Info.plist */ = {isa = PBXFileReference; lastKnownFileType = text.plist.xml; path = Info.plist; sourceTree = "<group>"; };
		20F32020250639C500D1FE68 /* RoundButton.swift */ = {isa = PBXFileReference; lastKnownFileType = sourcecode.swift; path = RoundButton.swift; sourceTree = "<group>"; };
/* End PBXFileReference section */

/* Begin PBXFrameworksBuildPhase section */
		20F32006250638EC00D1FE68 /* Frameworks */ = {
			isa = PBXFrameworksBuildPhase;
			buildActionMask = 2147483647;
			files = (
			);
			runOnlyForDeploymentPostprocessing = 0;
		};
/* End PBXFrameworksBuildPhase section */

/* Begin PBXGroup section */
		20F32000250638EC00D1FE68 = {
			isa = PBXGroup;
			children = (
				20F3200B250638EC00D1FE68 /* CalculatorSwift */,
				20F3200A250638EC00D1FE68 /* Products */,
			);
			sourceTree = "<group>";
		};
		20F3200A250638EC00D1FE68 /* Products */ = {
			isa = PBXGroup;
			children = (
				20F32009250638EC00D1FE68 /* CalculatorSwift.app */,
			);
			name = Products;
			sourceTree = "<group>";
		};
		20F3200B250638EC00D1FE68 /* CalculatorSwift */ = {
			isa = PBXGroup;
			children = (
				20F3200C250638EC00D1FE68 /* AppDelegate.swift */,
				20F3200E250638EC00D1FE68 /* SceneDelegate.swift */,
				20F32010250638EC00D1FE68 /* ViewController.swift */,
				20F32012250638EC00D1FE68 /* Main.storyboard */,
				20F32015250638F400D1FE68 /* Assets.xcassets */,
				20F32017250638F400D1FE68 /* LaunchScreen.storyboard */,
				20F3201A250638F400D1FE68 /* Info.plist */,
				20F32020250639C500D1FE68 /* RoundButton.swift */,
			);
			path = CalculatorSwift;
			sourceTree = "<group>";
		};
/* End PBXGroup section */

/* Begin PBXNativeTarget section */
		20F32008250638EC00D1FE68 /* CalculatorSwift */ = {
			isa = PBXNativeTarget;
			buildConfigurationList = 20F3201D250638F400D1FE68 /* Build configuration list for PBXNativeTarget "CalculatorSwift" */;
			buildPhases = (
				20F32005250638EC00D1FE68 /* Sources */,
				20F32006250638EC00D1FE68 /* Frameworks */,
				20F32007250638EC00D1FE68 /* Resources */,
			);
			buildRules = (
			);
			dependencies = (
			);
			name = CalculatorSwift;
			productName = CALCULATOR;
			productReference = 20F32009250638EC00D1FE68 /* CalculatorSwift.app */;
			productType = "com.apple.product-type.application";
		};
/* End PBXNativeTarget section */

/* Begin PBXProject section */
		20F32001250638EC00D1FE68 /* Project object */ = {
			isa = PBXProject;
			attributes = {
				LastSwiftUpdateCheck = 1130;
				LastUpgradeCheck = 1130;
				ORGANIZATIONNAME = "Vaibhav U";
				TargetAttributes = {
					20F32008250638EC00D1FE68 = {
						CreatedOnToolsVersion = 11.3.1;
					};
				};
			};
			buildConfigurationList = 20F32004250638EC00D1FE68 /* Build configuration list for PBXProject "CalculatorSwift" */;
			compatibilityVersion = "Xcode 9.3";
			developmentRegion = en;
			hasScannedForEncodings = 0;
			knownRegions = (
				en,
				Base,
			);
			mainGroup = 20F32000250638EC00D1FE68;
			productRefGroup = 20F3200A250638EC00D1FE68 /* Products */;
			projectDirPath = "";
			projectRoot = "";
			targets = (
				20F32008250638EC00D1FE68 /* CalculatorSwift */,
			);
		};
/* End PBXProject section */

/* Begin PBXResourcesBuildPhase section */
		20F32007250638EC00D1FE68 /* Resources */ = {
			isa = PBXResourcesBuildPhase;
			buildActionMask = 2147483647;
			files = (
				20F32019250638F400D1FE68 /* LaunchScreen.storyboard in Resources */,
				20F32016250638F400D1FE68 /* Assets.xcassets in Resources */,
				20F32014250638EC00D1FE68 /* Main.storyboard in Resources */,
			);
			runOnlyForDeploymentPostprocessing = 0;
		};
/* End PBXResourcesBuildPhase section */

/* Begin PBXSourcesBuildPhase section */
		20F32005250638EC00D1FE68 /* Sources */ = {
			isa = PBXSourcesBuildPhase;
			buildActionMask = 2147483647;
			files = (
				20F32021250639C500D1FE68 /* RoundButton.swift in Sources */,
				20F32011250638EC00D1FE68 /* ViewController.swift in Sources */,
				20F3200D250638EC00D1FE68 /* AppDelegate.swift in Sources */,
				20F3200F250638EC00D1FE68 /* SceneDelegate.swift in Sources */,
			);
			runOnlyForDeploymentPostprocessing = 0;
		};
/* End PBXSourcesBuildPhase section */

/* Begin PBXVariantGroup section */
		20F32012250638EC00D1FE68 /* Main.storyboard */ = {
			isa = PBXVariantGroup;
			children = (
				20F32013250638EC00D1FE68 /* Base */,
			);
			name = Main.storyboard;
			sourceTree = "<group>";
		};
		20F32017250638F400D1FE68 /* LaunchScreen.storyboard */ = {
			isa = PBXVariantGroup;
			children = (
				20F32018250638F400D1FE68 /* Base */,
			);
			name = LaunchScreen.storyboard;
			sourceTree = "<group>";
		};
/* End PBXVariantGroup section */

/* Begin XCBuildConfiguration section */
		20F3201B250638F400D1FE68 /* Debug */ = {
			isa = XCBuildConfiguration;
			buildSettings = {
				ALWAYS_SEARCH_USER_PATHS = NO;
				CLANG_ANALYZER_NONNULL = YES;
				CLANG_ANALYZER_NUMBER_OBJECT_CONVERSION = YES_AGGRESSIVE;
				CLANG_CXX_LANGUAGE_STANDARD = "gnu++14";
				CLANG_CXX_LIBRARY = "libc++";
				CLANG_ENABLE_MODULES = YES;
				CLANG_ENABLE_OBJC_ARC = YES;
				CLANG_ENABLE_OBJC_WEAK = YES;
				CLANG_WARN_BLOCK_CAPTURE_AUTORELEASING = YES;
				CLANG_WARN_BOOL_CONVERSION = YES;
				CLANG_WARN_COMMA = YES;
				CLANG_WARN_CONSTANT_CONVERSION = YES;
				CLANG_WARN_DEPRECATED_OBJC_IMPLEMENTATIONS = YES;
				CLANG_WARN_DIRECT_OBJC_ISA_USAGE = YES_ERROR;
				CLANG_WARN_DOCUMENTATION_COMMENTS = YES;
				CLANG_WARN_EMPTY_BODY = YES;
				CLANG_WARN_ENUM_CONVERSION = YES;
				CLANG_WARN_INFINITE_RECURSION = YES;
				CLANG_WARN_INT_CONVERSION = YES;
				CLANG_WARN_NON_LITERAL_NULL_CONVERSION = YES;
				CLANG_WARN_OBJC_IMPLICIT_RETAIN_SELF = YES;
				CLANG_WARN_OBJC_LITERAL_CONVERSION = YES;
				CLANG_WARN_OBJC_ROOT_CLASS = YES_ERROR;
				CLANG_WARN_RANGE_LOOP_ANALYSIS = YES;
				CLANG_WARN_STRICT_PROTOTYPES = YES;
				CLANG_WARN_SUSPICIOUS_MOVE = YES;
				CLANG_WARN_UNGUARDED_AVAILABILITY = YES_AGGRESSIVE;
				CLANG_WARN_UNREACHABLE_CODE = YES;
				CLANG_WARN__DUPLICATE_METHOD_MATCH = YES;
				COPY_PHASE_STRIP = NO;
				DEBUG_INFORMATION_FORMAT = dwarf;
				ENABLE_STRICT_OBJC_MSGSEND = YES;
				ENABLE_TESTABILITY = YES;
				GCC_C_LANGUAGE_STANDARD = gnu11;
				GCC_DYNAMIC_NO_PIC = NO;
				GCC_NO_COMMON_BLOCKS = YES;
				GCC_OPTIMIZATION_LEVEL = 0;
				GCC_PREPROCESSOR_DEFINITIONS = (
					"DEBUG=1",
					"$(inherited)",
				);
				GCC_WARN_64_TO_32_BIT_CONVERSION = YES;
				GCC_WARN_ABOUT_RETURN_TYPE = YES_ERROR;
				GCC_WARN_UNDECLARED_SELECTOR = YES;
				GCC_WARN_UNINITIALIZED_AUTOS = YES_AGGRESSIVE;
				GCC_WARN_UNUSED_FUNCTION = YES;
				GCC_WARN_UNUSED_VARIABLE = YES;
				IPHONEOS_DEPLOYMENT_TARGET = 13.2;
				MTL_ENABLE_DEBUG_INFO = INCLUDE_SOURCE;
				MTL_FAST_MATH = YES;
				ONLY_ACTIVE_ARCH = YES;
				SDKROOT = iphoneos;
				SWIFT_ACTIVE_COMPILATION_CONDITIONS = DEBUG;
				SWIFT_OPTIMIZATION_LEVEL = "-Onone";
			};
			name = Debug;
		};
		20F3201C250638F400D1FE68 /* Release */ = {
			isa = XCBuildConfiguration;
			buildSettings = {
				ALWAYS_SEARCH_USER_PATHS = NO;
				CLANG_ANALYZER_NONNULL = YES;
				CLANG_ANALYZER_NUMBER_OBJECT_CONVERSION = YES_AGGRESSIVE;
				CLANG_CXX_LANGUAGE_STANDARD = "gnu++14";
				CLANG_CXX_LIBRARY = "libc++";
				CLANG_ENABLE_MODULES = YES;
				CLANG_ENABLE_OBJC_ARC = YES;
				CLANG_ENABLE_OBJC_WEAK = YES;
				CLANG_WARN_BLOCK_CAPTURE_AUTORELEASING = YES;
				CLANG_WARN_BOOL_CONVERSION = YES;
				CLANG_WARN_COMMA = YES;
				CLANG_WARN_CONSTANT_CONVERSION = YES;
				CLANG_WARN_DEPRECATED_OBJC_IMPLEMENTATIONS = YES;
				CLANG_WARN_DIRECT_OBJC_ISA_USAGE = YES_ERROR;
				CLANG_WARN_DOCUMENTATION_COMMENTS = YES;
				CLANG_WARN_EMPTY_BODY = YES;
				CLANG_WARN_ENUM_CONVERSION = YES;
				CLANG_WARN_INFINITE_RECURSION = YES;
				CLANG_WARN_INT_CONVERSION = YES;
				CLANG_WARN_NON_LITERAL_NULL_CONVERSION = YES;
				CLANG_WARN_OBJC_IMPLICIT_RETAIN_SELF = YES;
				CLANG_WARN_OBJC_LITERAL_CONVERSION = YES;
				CLANG_WARN_OBJC_ROOT_CLASS = YES_ERROR;
				CLANG_WARN_RANGE_LOOP_ANALYSIS = YES;
				CLANG_WARN_STRICT_PROTOTYPES = YES;
				CLANG_WARN_SUSPICIOUS_MOVE = YES;
				CLANG_WARN_UNGUARDED_AVAILABILITY = YES_AGGRESSIVE;
				CLANG_WARN_UNREACHABLE_CODE = YES;
				CLANG_WARN__DUPLICATE_METHOD_MATCH = YES;
				COPY_PHASE_STRIP = NO;
				DEBUG_INFORMATION_FORMAT = "dwarf-with-dsym";
				ENABLE_NS_ASSERTIONS = NO;
				ENABLE_STRICT_OBJC_MSGSEND = YES;
				GCC_C_LANGUAGE_STANDARD = gnu11;
				GCC_NO_COMMON_BLOCKS = YES;
				GCC_WARN_64_TO_32_BIT_CONVERSION = YES;
				GCC_WARN_ABOUT_RETURN_TYPE = YES_ERROR;
				GCC_WARN_UNDECLARED_SELECTOR = YES;
				GCC_WARN_UNINITIALIZED_AUTOS = YES_AGGRESSIVE;
				GCC_WARN_UNUSED_FUNCTION = YES;
				GCC_WARN_UNUSED_VARIABLE = YES;
				IPHONEOS_DEPLOYMENT_TARGET = 13.2;
				MTL_ENABLE_DEBUG_INFO = NO;
				MTL_FAST_MATH = YES;
				SDKROOT = iphoneos;
				SWIFT_COMPILATION_MODE = wholemodule;
				SWIFT_OPTIMIZATION_LEVEL = "-O";
				VALIDATE_PRODUCT = YES;
			};
			name = Release;
		};
		20F3201E250638F400D1FE68 /* Debug */ = {
			isa = XCBuildConfiguration;
			buildSettings = {
				ASSETCATALOG_COMPILER_APPICON_NAME = AppIcon;
				CODE_SIGN_STYLE = Automatic;
				DEVELOPMENT_TEAM = 6B26XFY35T;
				INFOPLIST_FILE = CalculatorSwift/Info.plist;
				LD_RUNPATH_SEARCH_PATHS = (
					"$(inherited)",
					"@executable_path/Frameworks",
				);
				PRODUCT_BUNDLE_IDENTIFIER = com.infinity.CalculatorSwift;
				PRODUCT_NAME = "$(TARGET_NAME)";
				SWIFT_VERSION = 5.0;
				TARGETED_DEVICE_FAMILY = "1,2";
			};
			name = Debug;
		};
		20F3201F250638F400D1FE68 /* Release */ = {
			isa = XCBuildConfiguration;
			buildSettings = {
				ASSETCATALOG_COMPILER_APPICON_NAME = AppIcon;
				CODE_SIGN_STYLE = Automatic;
				DEVELOPMENT_TEAM = 6B26XFY35T;
				INFOPLIST_FILE = CalculatorSwift/Info.plist;
				LD_RUNPATH_SEARCH_PATHS = (
					"$(inherited)",
					"@executable_path/Frameworks",
				);
				PRODUCT_BUNDLE_IDENTIFIER = com.infinity.CalculatorSwift;
				PRODUCT_NAME = "$(TARGET_NAME)";
				SWIFT_VERSION = 5.0;
				TARGETED_DEVICE_FAMILY = "1,2";
			};
			name = Release;
		};
/* End XCBuildConfiguration section */

/* Begin XCConfigurationList section */
		20F32004250638EC00D1FE68 /* Build configuration list for PBXProject "CalculatorSwift" */ = {
			isa = XCConfigurationList;
			buildConfigurations = (
				20F3201B250638F400D1FE68 /* Debug */,
				20F3201C250638F400D1FE68 /* Release */,
			);
			defaultConfigurationIsVisible = 0;
			defaultConfigurationName = Release;
		};
		20F3201D250638F400D1FE68 /* Build configuration list for PBXNativeTarget "CalculatorSwift" */ = {
			isa = XCConfigurationList;
			buildConfigurations = (
				20F3201E250638F400D1FE68 /* Debug */,
				20F3201F250638F400D1FE68 /* Release */,
			);
			defaultConfigurationIsVisible = 0;
			defaultConfigurationName = Release;
		};
/* End XCConfigurationList section */
	};
	rootObject = 20F32001250638EC00D1FE68 /* Project object */;
}
